PODS:
  - NBLShowPicture (0.2.0):
    - SDWebImage
  - SDWebImage (4.4.3):
    - SDWebImage/Core (= 4.4.3)
  - SDWebImage/Core (4.4.3)

DEPENDENCIES:
  - NBLShowPicture (from `../`)

SPEC REPOS:
  https://github.com/cocoapods/specs.git:
    - SDWebImage

EXTERNAL SOURCES:
  NBLShowPicture:
    :path: "../"

SPEC CHECKSUMS:
  NBLShowPicture: 335807d78c6f40b72eb79ae913161b74401b970e
  SDWebImage: c5594f1a19c48d526d321e548902b56b479cd508

PODFILE CHECKSUM: dfd194c5118872683c9f5d3f4c065970a6fe4b39

COCOAPODS: 1.6.1
